
Microsoft Visual Studio Solution File, Format Version 12.00
# Visual Studio Version 17
VisualStudioVersion = 17.5.33424.131
MinimumVisualStudioVersion = 10.0.40219.1
Project("{FAE04EC0-301F-11D3-BF4B-00C04F79EFBC}") = "Proj2", "Proj2\Proj2.csproj", "{C6082530-B27B-4287-A332-4BF961CE9AC4}"
EndProject
Global
	GlobalSection(SolutionConfigurationPlatforms) = preSolution
		Debug|Any CPU = Debug|Any CPU
		Release|Any CPU = Release|Any CPU
	EndGlobalSection
	GlobalSection(ProjectConfigurationPlatforms) = postSolution
		{C6082530-B27B-4287-A332-4BF961CE9AC4}.Debug|Any CPU.ActiveCfg = Debug|Any CPU
		{C6082530-B27B-4287-A332-4BF961CE9AC4}.Debug|Any CPU.Build.0 = Debug|Any CPU
		{C6082530-B27B-4287-A332-4BF961CE9AC4}.Release|Any CPU.ActiveCfg = Release|Any CPU
		{C6082530-B27B-4287-A332-4BF961CE9AC4}.Release|Any CPU.Build.0 = Release|Any CPU
	EndGlobalSection
	GlobalSection(SolutionProperties) = preSolution
		HideSolutionNode = FALSE
	EndGlobalSection
	GlobalSection(ExtensibilityGlobals) = postSolution
		SolutionGuid = {859EBEBA-0278-4B29-93A4-295606A3E46F}
	EndGlobalSection
EndGlobal
